
Microsoft Visual Studio Solution File, Format Version 12.00
# Visual Studio 15
VisualStudioVersion = 15.0.27703.2042
MinimumVisualStudioVersion = 10.0.40219.1
Project("{FAE04EC0-301F-11D3-BF4B-00C04F79EFBC}") = "CG 11-2", "CG 11-2\CG 11-2.csproj", "{89BB988E-AAA8-4C80-9039-6502338364A8}"
EndProject
Global
	GlobalSection(SolutionConfigurationPlatforms) = preSolution
		Debug|Any CPU = Debug|Any CPU
		Release|Any CPU = Release|Any CPU
	EndGlobalSection
	GlobalSection(ProjectConfigurationPlatforms) = postSolution
		{89BB988E-AAA8-4C80-9039-6502338364A8}.Debug|Any CPU.ActiveCfg = Debug|Any CPU
		{89BB988E-AAA8-4C80-9039-6502338364A8}.Debug|Any CPU.Build.0 = Debug|Any CPU
		{89BB988E-AAA8-4C80-9039-6502338364A8}.Release|Any CPU.ActiveCfg = Release|Any CPU
		{89BB988E-AAA8-4C80-9039-6502338364A8}.Release|Any CPU.Build.0 = Release|Any CPU
	EndGlobalSection
	GlobalSection(SolutionProperties) = preSolution
		HideSolutionNode = FALSE
	EndGlobalSection
	GlobalSection(ExtensibilityGlobals) = postSolution
		SolutionGuid = {9F6CF371-CCA0-4653-973B-A7F0AD76F097}
	EndGlobalSection
EndGlobal
